
Microsoft Visual Studio Solution File, Format Version 12.00
# Visual Studio 2012
Project("{FAE04EC0-301F-11D3-BF4B-00C04F79EFBC}") = "Employee1", "Employee1\Employee1.csproj", "{F97AB521-14A0-4AA2-A603-15FEB4DF0030}"
EndProject
Global
	GlobalSection(SolutionConfigurationPlatforms) = preSolution
		Debug|Any CPU = Debug|Any CPU
		Release|Any CPU = Release|Any CPU
	EndGlobalSection
	GlobalSection(ProjectConfigurationPlatforms) = postSolution
		{F97AB521-14A0-4AA2-A603-15FEB4DF0030}.Debug|Any CPU.ActiveCfg = Debug|Any CPU
		{F97AB521-14A0-4AA2-A603-15FEB4DF0030}.Debug|Any CPU.Build.0 = Debug|Any CPU
		{F97AB521-14A0-4AA2-A603-15FEB4DF0030}.Release|Any CPU.ActiveCfg = Release|Any CPU
		{F97AB521-14A0-4AA2-A603-15FEB4DF0030}.Release|Any CPU.Build.0 = Release|Any CPU
	EndGlobalSection
	GlobalSection(SolutionProperties) = preSolution
		HideSolutionNode = FALSE
	EndGlobalSection
EndGlobal
